
Microsoft Visual Studio Solution File, Format Version 12.00
# Visual Studio 15
VisualStudioVersion = 15.0.27703.2035
MinimumVisualStudioVersion = 10.0.40219.1
Project("{FAE04EC0-301F-11D3-BF4B-00C04F79EFBC}") = "MBTech.Domain", "MBTech.Domain\MBTech.Domain.csproj", "{B799327B-880F-4E6C-A949-5BF9AE4B83D9}"
EndProject
Global
	GlobalSection(SolutionConfigurationPlatforms) = preSolution
		Debug|Any CPU = Debug|Any CPU
		Release|Any CPU = Release|Any CPU
	EndGlobalSection
	GlobalSection(ProjectConfigurationPlatforms) = postSolution
		{B799327B-880F-4E6C-A949-5BF9AE4B83D9}.Debug|Any CPU.ActiveCfg = Debug|Any CPU
		{B799327B-880F-4E6C-A949-5BF9AE4B83D9}.Debug|Any CPU.Build.0 = Debug|Any CPU
		{B799327B-880F-4E6C-A949-5BF9AE4B83D9}.Release|Any CPU.ActiveCfg = Release|Any CPU
		{B799327B-880F-4E6C-A949-5BF9AE4B83D9}.Release|Any CPU.Build.0 = Release|Any CPU
	EndGlobalSection
	GlobalSection(SolutionProperties) = preSolution
		HideSolutionNode = FALSE
	EndGlobalSection
	GlobalSection(ExtensibilityGlobals) = postSolution
		SolutionGuid = {773B40D0-A898-4428-B6A9-B9C7ADC9FA05}
	EndGlobalSection
EndGlobal
