
Microsoft Visual Studio Solution File, Format Version 12.00
# Visual Studio 15
VisualStudioVersion = 15.0.27703.2035
MinimumVisualStudioVersion = 10.0.40219.1
Project("{FAE04EC0-301F-11D3-BF4B-00C04F79EFBC}") = "UnitTests", "tests\UnitTests\UnitTests.csproj", "{0ADC9480-259E-4FBB-A064-285A3CC426A4}"
EndProject
Project("{FAE04EC0-301F-11D3-BF4B-00C04F79EFBC}") = "IntegrationTests", "tests\IntegrationTests\IntegrationTests.csproj", "{DF64A2C3-B1E9-49EF-AFF5-8189E694ECF2}"
EndProject
Project("{2150E333-8FDC-42A3-9474-1A3956D46DE8}") = "Tests", "Tests", "{2E4E27D4-9AD3-4321-AA95-7BB905FDE58D}"
EndProject
Project("{2150E333-8FDC-42A3-9474-1A3956D46DE8}") = "src", "src", "{99A35577-7A00-47AE-93AF-5AE3F418FD96}"
EndProject
Project("{FAE04EC0-301F-11D3-BF4B-00C04F79EFBC}") = "MBTech.Infraestructure", "src\MBTech.Infraestructure\MBTech.Infraestructure.csproj", "{0EEDEF12-2E77-4BF8-B1FC-0C955DD646A7}"
EndProject
Project("{FAE04EC0-301F-11D3-BF4B-00C04F79EFBC}") = "MBTech.Domain", "src\MBTech.Domain\MBTech.Domain.csproj", "{FAB038D0-2F12-4EE9-8F9C-801EBC2256DD}"
EndProject
Global
	GlobalSection(SolutionConfigurationPlatforms) = preSolution
		Debug|Any CPU = Debug|Any CPU
		Release|Any CPU = Release|Any CPU
	EndGlobalSection
	GlobalSection(ProjectConfigurationPlatforms) = postSolution
		{0ADC9480-259E-4FBB-A064-285A3CC426A4}.Debug|Any CPU.ActiveCfg = Debug|Any CPU
		{0ADC9480-259E-4FBB-A064-285A3CC426A4}.Debug|Any CPU.Build.0 = Debug|Any CPU
		{0ADC9480-259E-4FBB-A064-285A3CC426A4}.Release|Any CPU.ActiveCfg = Release|Any CPU
		{0ADC9480-259E-4FBB-A064-285A3CC426A4}.Release|Any CPU.Build.0 = Release|Any CPU
		{DF64A2C3-B1E9-49EF-AFF5-8189E694ECF2}.Debug|Any CPU.ActiveCfg = Debug|Any CPU
		{DF64A2C3-B1E9-49EF-AFF5-8189E694ECF2}.Debug|Any CPU.Build.0 = Debug|Any CPU
		{DF64A2C3-B1E9-49EF-AFF5-8189E694ECF2}.Release|Any CPU.ActiveCfg = Release|Any CPU
		{DF64A2C3-B1E9-49EF-AFF5-8189E694ECF2}.Release|Any CPU.Build.0 = Release|Any CPU
		{0EEDEF12-2E77-4BF8-B1FC-0C955DD646A7}.Debug|Any CPU.ActiveCfg = Debug|Any CPU
		{0EEDEF12-2E77-4BF8-B1FC-0C955DD646A7}.Debug|Any CPU.Build.0 = Debug|Any CPU
		{0EEDEF12-2E77-4BF8-B1FC-0C955DD646A7}.Release|Any CPU.ActiveCfg = Release|Any CPU
		{0EEDEF12-2E77-4BF8-B1FC-0C955DD646A7}.Release|Any CPU.Build.0 = Release|Any CPU
		{FAB038D0-2F12-4EE9-8F9C-801EBC2256DD}.Debug|Any CPU.ActiveCfg = Debug|Any CPU
		{FAB038D0-2F12-4EE9-8F9C-801EBC2256DD}.Debug|Any CPU.Build.0 = Debug|Any CPU
		{FAB038D0-2F12-4EE9-8F9C-801EBC2256DD}.Release|Any CPU.ActiveCfg = Release|Any CPU
		{FAB038D0-2F12-4EE9-8F9C-801EBC2256DD}.Release|Any CPU.Build.0 = Release|Any CPU
	EndGlobalSection
	GlobalSection(SolutionProperties) = preSolution
		HideSolutionNode = FALSE
	EndGlobalSection
	GlobalSection(NestedProjects) = preSolution
		{0ADC9480-259E-4FBB-A064-285A3CC426A4} = {2E4E27D4-9AD3-4321-AA95-7BB905FDE58D}
		{DF64A2C3-B1E9-49EF-AFF5-8189E694ECF2} = {2E4E27D4-9AD3-4321-AA95-7BB905FDE58D}
		{0EEDEF12-2E77-4BF8-B1FC-0C955DD646A7} = {99A35577-7A00-47AE-93AF-5AE3F418FD96}
		{FAB038D0-2F12-4EE9-8F9C-801EBC2256DD} = {99A35577-7A00-47AE-93AF-5AE3F418FD96}
	EndGlobalSection
	GlobalSection(ExtensibilityGlobals) = postSolution
		SolutionGuid = {773B40D0-A898-4428-B6A9-B9C7ADC9FA05}
	EndGlobalSection
EndGlobal
